Microsoft Visual Studio Solution File, Format Version 8.00
Project("{54435603-DBB4-11D2-8724-00A0C9A8B90C}") = "MSI_Setup", "MSI_Setup.vdproj", "{6BFE1265-89C7-4476-94DB-61B5FB324B69}"
	ProjectSection(ProjectDependencies) = postProject
	EndProjectSection
EndProject
Global
	GlobalSection(SolutionConfiguration) = preSolution
		Debug = Debug
		Release = Release
	EndGlobalSection
	GlobalSection(ProjectConfiguration) = postSolution
		{6BFE1265-89C7-4476-94DB-61B5FB324B69}.Debug.ActiveCfg = Debug
		{6BFE1265-89C7-4476-94DB-61B5FB324B69}.Debug.Build.0 = Debug
		{6BFE1265-89C7-4476-94DB-61B5FB324B69}.Release.ActiveCfg = Release
		{6BFE1265-89C7-4476-94DB-61B5FB324B69}.Release.Build.0 = Release
	EndGlobalSection
	GlobalSection(ExtensibilityGlobals) = postSolution
	EndGlobalSection
	GlobalSection(ExtensibilityAddIns) = postSolution
	EndGlobalSection
EndGlobal
